// !$*UTF8*$!
{
	archiveVersion = 1;
	classes = {
	};
	objectVersion = 77;
	objects = {

/* Begin PBXContainerItemProxy section */
		F35E2E812E6E0C0C009DDF39 /* PBXContainerItemProxy */ = {
			isa = PBXContainerItemProxy;
			containerPortal = F35E2E692E6E0C0B009DDF39 /* Project object */;
			proxyType = 1;
			remoteGlobalIDString = F35E2E702E6E0C0B009DDF39;
			remoteInfo = Claimb;
		};
		F35E2E8B2E6E0C0C009DDF39 /* PBXContainerItemProxy */ = {
			isa = PBXContainerItemProxy;
			containerPortal = F35E2E692E6E0C0B009DDF39 /* Project object */;
			proxyType = 1;
			remoteGlobalIDString = F35E2E702E6E0C0B009DDF39;
			remoteInfo = Claimb;
		};
/* End PBXContainerItemProxy section */

/* Begin PBXFileReference section */
		F31B70272E7C6334003C0FF7 /* Claimb.xcodeproj */ = {isa = PBXFileReference; lastKnownFileType = "wrapper.pb-project"; path = Claimb.xcodeproj; sourceTree = "<group>"; };
		F31B71FB2E7DEFEF003C0FF7 /* Claimb.xcodeproj */ = {isa = PBXFileReference; lastKnownFileType = "wrapper.pb-project"; path = Claimb.xcodeproj; sourceTree = "<group>"; };
		F3288AD42E84739B0073DB01 /* Claimb.xcodeproj */ = {isa = PBXFileReference; lastKnownFileType = "wrapper.pb-project"; path = Claimb.xcodeproj; sourceTree = "<group>"; };
		F353B8972E87FA5300046F0B /* Claimb.xcodeproj */ = {isa = PBXFileReference; lastKnownFileType = "wrapper.pb-project"; path = Claimb.xcodeproj; sourceTree = "<group>"; };
		F35E2E712E6E0C0B009DDF39 /* Claimb.app */ = {isa = PBXFileReference; explicitFileType = wrapper.application; includeInIndex = 0; path = Claimb.app; sourceTree = BUILT_PRODUCTS_DIR; };
		F35E2E802E6E0C0C009DDF39 /* ClaimbTests.xctest */ = {isa = PBXFileReference; explicitFileType = wrapper.cfbundle; includeInIndex = 0; path = ClaimbTests.xctest; sourceTree = BUILT_PRODUCTS_DIR; };
		F35E2E8A2E6E0C0C009DDF39 /* ClaimbUITests.xctest */ = {isa = PBXFileReference; explicitFileType = wrapper.cfbundle; includeInIndex = 0; path = ClaimbUITests.xctest; sourceTree = BUILT_PRODUCTS_DIR; };
		F36F09B32E7AADC000B06E02 /* Claimb.xcodeproj */ = {isa = PBXFileReference; lastKnownFileType = "wrapper.pb-project"; path = Claimb.xcodeproj; sourceTree = "<group>"; };
		F3867B262E7B25AD00B2ECF4 /* Claimb.xcodeproj */ = {isa = PBXFileReference; lastKnownFileType = "wrapper.pb-project"; path = Claimb.xcodeproj; sourceTree = "<group>"; };
		F3E629122E7AAA2000DF2F2D /* Claimb.xcodeproj */ = {isa = PBXFileReference; lastKnownFileType = "wrapper.pb-project"; path = Claimb.xcodeproj; sourceTree = "<group>"; };
		F3E6297E2E7AAA6700DF2F2D /* Claimb.xcodeproj */ = {isa = PBXFileReference; lastKnownFileType = "wrapper.pb-project"; path = Claimb.xcodeproj; sourceTree = "<group>"; };
		F3F8AB6A2E7B11B1008E9E48 /* Claimb.xcodeproj */ = {isa = PBXFileReference; lastKnownFileType = "wrapper.pb-project"; path = Claimb.xcodeproj; sourceTree = "<group>"; };
/* End PBXFileReference section */

/* Begin PBXFileSystemSynchronizedRootGroup section */
		F35E2E732E6E0C0B009DDF39 /* . */ = {
			isa = PBXFileSystemSynchronizedRootGroup;
			path = .;
			sourceTree = "<group>";
		};
		F35E2E832E6E0C0C009DDF39 /* ClaimbTests */ = {
			isa = PBXFileSystemSynchronizedRootGroup;
			path = ClaimbTests;
			sourceTree = "<group>";
		};
/* End PBXFileSystemSynchronizedRootGroup section */

/* Begin PBXFrameworksBuildPhase section */
		F35E2E6E2E6E0C0B009DDF39 /* Frameworks */ = {
			isa = PBXFrameworksBuildPhase;
			buildActionMask = 2147483647;
			files = (
			);
			runOnlyForDeploymentPostprocessing = 0;
		};
		F35E2E7D2E6E0C0C009DDF39 /* Frameworks */ = {
			isa = PBXFrameworksBuildPhase;
			buildActionMask = 2147483647;
			files = (
			);
			runOnlyForDeploymentPostprocessing = 0;
		};
		F35E2E872E6E0C0C009DDF39 /* Frameworks */ = {
			isa = PBXFrameworksBuildPhase;
			buildActionMask = 2147483647;
			files = (
			);
			runOnlyForDeploymentPostprocessing = 0;
		};
/* End PBXFrameworksBuildPhase section */

/* Begin PBXGroup section */
		F31B702B2E7C6334003C0FF7 /* Products */ = {
			isa = PBXGroup;
			name = Products;
			sourceTree = "<group>";
		};
		F31B71FF2E7DEFEF003C0FF7 /* Products */ = {
			isa = PBXGroup;
			name = Products;
			sourceTree = "<group>";
		};
		F3288AD82E84739B0073DB01 /* Products */ = {
			isa = PBXGroup;
			name = Products;
			sourceTree = "<group>";
		};
		F353B89B2E87FA5300046F0B /* Products */ = {
			isa = PBXGroup;
			name = Products;
			sourceTree = "<group>";
		};
		F35E2E682E6E0C0A009DDF39 = {
			isa = PBXGroup;
			children = (
				F35E2E732E6E0C0B009DDF39 /* . */,
				F35E2E832E6E0C0C009DDF39 /* ClaimbTests */,
				F35E2E722E6E0C0B009DDF39 /* Products */,
			);
			sourceTree = "<group>";
		};
		F35E2E722E6E0C0B009DDF39 /* Products */ = {
			isa = PBXGroup;
			children = (
				F35E2E712E6E0C0B009DDF39 /* Claimb.app */,
				F35E2E802E6E0C0C009DDF39 /* ClaimbTests.xctest */,
				F35E2E8A2E6E0C0C009DDF39 /* ClaimbUITests.xctest */,
			);
			name = Products;
			sourceTree = "<group>";
		};
		F36F09B92E7AADC000B06E02 /* Products */ = {
			isa = PBXGroup;
			name = Products;
			sourceTree = "<group>";
		};
		F3867B2A2E7B25AD00B2ECF4 /* Products */ = {
			isa = PBXGroup;
			name = Products;
			sourceTree = "<group>";
		};
		F3E629182E7AAA2000DF2F2D /* Products */ = {
			isa = PBXGroup;
			name = Products;
			sourceTree = "<group>";
		};
		F3E629842E7AAA6700DF2F2D /* Products */ = {
			isa = PBXGroup;
			name = Products;
			sourceTree = "<group>";
		};
		F3F8AB6E2E7B11B1008E9E48 /* Products */ = {
			isa = PBXGroup;
			name = Products;
			sourceTree = "<group>";
		};
/* End PBXGroup section */

/* Begin PBXNativeTarget section */
		F35E2E702E6E0C0B009DDF39 /* Claimb */ = {
			isa = PBXNativeTarget;
			buildConfigurationList = F35E2E942E6E0C0C009DDF39 /* Build configuration list for PBXNativeTarget "Claimb" */;
			buildPhases = (
				F35E2E6D2E6E0C0B009DDF39 /* Sources */,
				F35E2E6E2E6E0C0B009DDF39 /* Frameworks */,
				F35E2E6F2E6E0C0B009DDF39 /* Resources */,
			);
			buildRules = (
			);
			dependencies = (
			);
			fileSystemSynchronizedGroups = (
				F35E2E732E6E0C0B009DDF39 /* . */,
			);
			name = Claimb;
			packageProductDependencies = (
			);
			productName = Claimb;
			productReference = F35E2E712E6E0C0B009DDF39 /* Claimb.app */;
			productType = "com.apple.product-type.application";
		};
		F35E2E7F2E6E0C0C009DDF39 /* ClaimbTests */ = {
			isa = PBXNativeTarget;
			buildConfigurationList = F35E2E972E6E0C0C009DDF39 /* Build configuration list for PBXNativeTarget "ClaimbTests" */;
			buildPhases = (
				F35E2E7C2E6E0C0C009DDF39 /* Sources */,
				F35E2E7D2E6E0C0C009DDF39 /* Frameworks */,
				F35E2E7E2E6E0C0C009DDF39 /* Resources */,
			);
			buildRules = (
			);
			dependencies = (
				F35E2E822E6E0C0C009DDF39 /* PBXTargetDependency */,
			);
			fileSystemSynchronizedGroups = (
				F35E2E832E6E0C0C009DDF39 /* ClaimbTests */,
			);
			name = ClaimbTests;
			packageProductDependencies = (
			);
			productName = ClaimbTests;
			productReference = F35E2E802E6E0C0C009DDF39 /* ClaimbTests.xctest */;
			productType = "com.apple.product-type.bundle.unit-test";
		};
		F35E2E892E6E0C0C009DDF39 /* ClaimbUITests */ = {
			isa = PBXNativeTarget;
			buildConfigurationList = F35E2E9A2E6E0C0C009DDF39 /* Build configuration list for PBXNativeTarget "ClaimbUITests" */;
			buildPhases = (
				F35E2E862E6E0C0C009DDF39 /* Sources */,
				F35E2E872E6E0C0C009DDF39 /* Frameworks */,
				F35E2E882E6E0C0C009DDF39 /* Resources */,
			);
			buildRules = (
			);
			dependencies = (
				F35E2E8C2E6E0C0C009DDF39 /* PBXTargetDependency */,
			);
			name = ClaimbUITests;
			packageProductDependencies = (
			);
			productName = ClaimbUITests;
			productReference = F35E2E8A2E6E0C0C009DDF39 /* ClaimbUITests.xctest */;
			productType = "com.apple.product-type.bundle.ui-testing";
		};
/* End PBXNativeTarget section */

/* Begin PBXProject section */
		F35E2E692E6E0C0B009DDF39 /* Project object */ = {
			isa = PBXProject;
			attributes = {
				BuildIndependentTargetsInParallel = 1;
				LastSwiftUpdateCheck = 1640;
				LastUpgradeCheck = 1640;
				TargetAttributes = {
					F35E2E702E6E0C0B009DDF39 = {
						CreatedOnToolsVersion = 16.4;
					};
					F35E2E7F2E6E0C0C009DDF39 = {
						CreatedOnToolsVersion = 16.4;
						TestTargetID = F35E2E702E6E0C0B009DDF39;
					};
					F35E2E892E6E0C0C009DDF39 = {
						CreatedOnToolsVersion = 16.4;
						TestTargetID = F35E2E702E6E0C0B009DDF39;
					};
				};
			};
			buildConfigurationList = F35E2E6C2E6E0C0B009DDF39 /* Build configuration list for PBXProject "Claimb" */;
			developmentRegion = en;
			hasScannedForEncodings = 0;
			knownRegions = (
				en,
				Base,
			);
			mainGroup = F35E2E682E6E0C0A009DDF39;
			minimizedProjectReferenceProxies = 1;
			preferredProjectObjectVersion = 77;
			productRefGroup = F35E2E722E6E0C0B009DDF39 /* Products */;
			projectDirPath = "";
			projectReferences = (
				{
					ProductGroup = F36F09B92E7AADC000B06E02 /* Products */;
					ProjectRef = F36F09B32E7AADC000B06E02 /* Claimb.xcodeproj */;
				},
				{
					ProductGroup = F3E629842E7AAA6700DF2F2D /* Products */;
					ProjectRef = F3E6297E2E7AAA6700DF2F2D /* Claimb.xcodeproj */;
				},
				{
					ProductGroup = F31B71FF2E7DEFEF003C0FF7 /* Products */;
					ProjectRef = F31B71FB2E7DEFEF003C0FF7 /* Claimb.xcodeproj */;
				},
				{
					ProductGroup = F3F8AB6E2E7B11B1008E9E48 /* Products */;
					ProjectRef = F3F8AB6A2E7B11B1008E9E48 /* Claimb.xcodeproj */;
				},
				{
					ProductGroup = F3867B2A2E7B25AD00B2ECF4 /* Products */;
					ProjectRef = F3867B262E7B25AD00B2ECF4 /* Claimb.xcodeproj */;
				},
				{
					ProductGroup = F3288AD82E84739B0073DB01 /* Products */;
					ProjectRef = F3288AD42E84739B0073DB01 /* Claimb.xcodeproj */;
				},
				{
					ProductGroup = F3E629182E7AAA2000DF2F2D /* Products */;
					ProjectRef = F3E629122E7AAA2000DF2F2D /* Claimb.xcodeproj */;
				},
				{
					ProductGroup = F353B89B2E87FA5300046F0B /* Products */;
					ProjectRef = F353B8972E87FA5300046F0B /* Claimb.xcodeproj */;
				},
				{
					ProductGroup = F31B702B2E7C6334003C0FF7 /* Products */;
					ProjectRef = F31B70272E7C6334003C0FF7 /* Claimb.xcodeproj */;
				},
			);
			projectRoot = "";
			targets = (
				F35E2E702E6E0C0B009DDF39 /* Claimb */,
				F35E2E7F2E6E0C0C009DDF39 /* ClaimbTests */,
				F35E2E892E6E0C0C009DDF39 /* ClaimbUITests */,
			);
		};
/* End PBXProject section */

/* Begin PBXResourcesBuildPhase section */
		F35E2E6F2E6E0C0B009DDF39 /* Resources */ = {
			isa = PBXResourcesBuildPhase;
			buildActionMask = 2147483647;
			files = (
			);
			runOnlyForDeploymentPostprocessing = 0;
		};
		F35E2E7E2E6E0C0C009DDF39 /* Resources */ = {
			isa = PBXResourcesBuildPhase;
			buildActionMask = 2147483647;
			files = (
			);
			runOnlyForDeploymentPostprocessing = 0;
		};
		F35E2E882E6E0C0C009DDF39 /* Resources */ = {
			isa = PBXResourcesBuildPhase;
			buildActionMask = 2147483647;
			files = (
			);
			runOnlyForDeploymentPostprocessing = 0;
		};
/* End PBXResourcesBuildPhase section */

/* Begin PBXSourcesBuildPhase section */
		F35E2E6D2E6E0C0B009DDF39 /* Sources */ = {
			isa = PBXSourcesBuildPhase;
			buildActionMask = 2147483647;
			files = (
			);
			runOnlyForDeploymentPostprocessing = 0;
		};
		F35E2E7C2E6E0C0C009DDF39 /* Sources */ = {
			isa = PBXSourcesBuildPhase;
			buildActionMask = 2147483647;
			files = (
			);
			runOnlyForDeploymentPostprocessing = 0;
		};
		F35E2E862E6E0C0C009DDF39 /* Sources */ = {
			isa = PBXSourcesBuildPhase;
			buildActionMask = 2147483647;
			files = (
			);
			runOnlyForDeploymentPostprocessing = 0;
		};
/* End PBXSourcesBuildPhase section */

/* Begin PBXTargetDependency section */
		F35E2E822E6E0C0C009DDF39 /* PBXTargetDependency */ = {
			isa = PBXTargetDependency;
			target = F35E2E702E6E0C0B009DDF39 /* Claimb */;
			targetProxy = F35E2E812E6E0C0C009DDF39 /* PBXContainerItemProxy */;
		};
		F35E2E8C2E6E0C0C009DDF39 /* PBXTargetDependency */ = {
			isa = PBXTargetDependency;
			target = F35E2E702E6E0C0B009DDF39 /* Claimb */;
			targetProxy = F35E2E8B2E6E0C0C009DDF39 /* PBXContainerItemProxy */;
		};
/* End PBXTargetDependency section */

/* Begin XCBuildConfiguration section */
		F35E2E922E6E0C0C009DDF39 /* Debug */ = {
			isa = XCBuildConfiguration;
			buildSettings = {
				ALWAYS_SEARCH_USER_PATHS = NO;
				ASSETCATALOG_COMPILER_GENERATE_SWIFT_ASSET_SYMBOL_EXTENSIONS = YES;
				CLANG_ANALYZER_NONNULL = YES;
				CLANG_ANALYZER_NUMBER_OBJECT_CONVERSION = YES_AGGRESSIVE;
				CLANG_CXX_LANGUAGE_STANDARD = "gnu++20";
				CLANG_ENABLE_MODULES = YES;
				CLANG_ENABLE_OBJC_ARC = YES;
				CLANG_ENABLE_OBJC_WEAK = YES;
				CLANG_WARN_BLOCK_CAPTURE_AUTORELEASING = YES;
				CLANG_WARN_BOOL_CONVERSION = YES;
				CLANG_WARN_COMMA = YES;
				CLANG_WARN_CONSTANT_CONVERSION = YES;
				CLANG_WARN_DEPRECATED_OBJC_IMPLEMENTATIONS = YES;
				CLANG_WARN_DIRECT_OBJC_ISA_USAGE = YES_ERROR;
				CLANG_WARN_DOCUMENTATION_COMMENTS = YES;
				CLANG_WARN_EMPTY_BODY = YES;
				CLANG_WARN_ENUM_CONVERSION = YES;
				CLANG_WARN_INFINITE_RECURSION = YES;
				CLANG_WARN_INT_CONVERSION = YES;
				CLANG_WARN_NON_LITERAL_NULL_CONVERSION = YES;
				CLANG_WARN_OBJC_IMPLICIT_RETAIN_SELF = YES;
				CLANG_WARN_OBJC_LITERAL_CONVERSION = YES;
				CLANG_WARN_OBJC_ROOT_CLASS = YES_ERROR;
				CLANG_WARN_QUOTED_INCLUDE_IN_FRAMEWORK_HEADER = YES;
				CLANG_WARN_RANGE_LOOP_ANALYSIS = YES;
				CLANG_WARN_STRICT_PROTOTYPES = YES;
				CLANG_WARN_SUSPICIOUS_MOVE = YES;
				CLANG_WARN_UNGUARDED_AVAILABILITY = YES_AGGRESSIVE;
				CLANG_WARN_UNREACHABLE_CODE = YES;
				CLANG_WARN__DUPLICATE_METHOD_MATCH = YES;
				COPY_PHASE_STRIP = NO;
				DEBUG_INFORMATION_FORMAT = dwarf;
				ENABLE_STRICT_OBJC_MSGSEND = YES;
				ENABLE_TESTABILITY = YES;
				ENABLE_USER_SCRIPT_SANDBOXING = YES;
				GCC_C_LANGUAGE_STANDARD = gnu17;
				GCC_DYNAMIC_NO_PIC = NO;
				GCC_NO_COMMON_BLOCKS = YES;
				GCC_OPTIMIZATION_LEVEL = 0;
				GCC_PREPROCESSOR_DEFINITIONS = (
					"DEBUG=1",
					"$(inherited)",
				);
				GCC_WARN_64_TO_32_BIT_CONVERSION = YES;
				GCC_WARN_ABOUT_RETURN_TYPE = YES_ERROR;
				GCC_WARN_UNDECLARED_SELECTOR = YES;
				GCC_WARN_UNINITIALIZED_AUTOS = YES_AGGRESSIVE;
				GCC_WARN_UNUSED_FUNCTION = YES;
				GCC_WARN_UNUSED_VARIABLE = YES;
				IPHONEOS_DEPLOYMENT_TARGET = 18.5;
				LOCALIZATION_PREFERS_STRING_CATALOGS = YES;
				MTL_ENABLE_DEBUG_INFO = INCLUDE_SOURCE;
				MTL_FAST_MATH = YES;
				ONLY_ACTIVE_ARCH = YES;
				SDKROOT = iphoneos;
				SWIFT_ACTIVE_COMPILATION_CONDITIONS = "DEBUG $(inherited)";
				SWIFT_OPTIMIZATION_LEVEL = "-Onone";
			};
			name = Debug;
		};
		F35E2E932E6E0C0C009DDF39 /* Release */ = {
			isa = XCBuildConfiguration;
			buildSettings = {
				ALWAYS_SEARCH_USER_PATHS = NO;
				ASSETCATALOG_COMPILER_GENERATE_SWIFT_ASSET_SYMBOL_EXTENSIONS = YES;
				CLANG_ANALYZER_NONNULL = YES;
				CLANG_ANALYZER_NUMBER_OBJECT_CONVERSION = YES_AGGRESSIVE;
				CLANG_CXX_LANGUAGE_STANDARD = "gnu++20";
				CLANG_ENABLE_MODULES = YES;
				CLANG_ENABLE_OBJC_ARC = YES;
				CLANG_ENABLE_OBJC_WEAK = YES;
				CLANG_WARN_BLOCK_CAPTURE_AUTORELEASING = YES;
				CLANG_WARN_BOOL_CONVERSION = YES;
				CLANG_WARN_COMMA = YES;
				CLANG_WARN_CONSTANT_CONVERSION = YES;
				CLANG_WARN_DEPRECATED_OBJC_IMPLEMENTATIONS = YES;
				CLANG_WARN_DIRECT_OBJC_ISA_USAGE = YES_ERROR;
				CLANG_WARN_DOCUMENTATION_COMMENTS = YES;
				CLANG_WARN_EMPTY_BODY = YES;
				CLANG_WARN_ENUM_CONVERSION = YES;
				CLANG_WARN_INFINITE_RECURSION = YES;
				CLANG_WARN_INT_CONVERSION = YES;
				CLANG_WARN_NON_LITERAL_NULL_CONVERSION = YES;
				CLANG_WARN_OBJC_IMPLICIT_RETAIN_SELF = YES;
				CLANG_WARN_OBJC_LITERAL_CONVERSION = YES;
				CLANG_WARN_OBJC_ROOT_CLASS = YES_ERROR;
				CLANG_WARN_QUOTED_INCLUDE_IN_FRAMEWORK_HEADER = YES;
				CLANG_WARN_RANGE_LOOP_ANALYSIS = YES;
				CLANG_WARN_STRICT_PROTOTYPES = YES;
				CLANG_WARN_SUSPICIOUS_MOVE = YES;
				CLANG_WARN_UNGUARDED_AVAILABILITY = YES_AGGRESSIVE;
				CLANG_WARN_UNREACHABLE_CODE = YES;
				CLANG_WARN__DUPLICATE_METHOD_MATCH = YES;
				COPY_PHASE_STRIP = NO;
				DEBUG_INFORMATION_FORMAT = "dwarf-with-dsym";
				ENABLE_NS_ASSERTIONS = NO;
				ENABLE_STRICT_OBJC_MSGSEND = YES;
				ENABLE_USER_SCRIPT_SANDBOXING = YES;
				GCC_C_LANGUAGE_STANDARD = gnu17;
				GCC_NO_COMMON_BLOCKS = YES;
				GCC_WARN_64_TO_32_BIT_CONVERSION = YES;
				GCC_WARN_ABOUT_RETURN_TYPE = YES_ERROR;
				GCC_WARN_UNDECLARED_SELECTOR = YES;
				GCC_WARN_UNINITIALIZED_AUTOS = YES_AGGRESSIVE;
				GCC_WARN_UNUSED_FUNCTION = YES;
				GCC_WARN_UNUSED_VARIABLE = YES;
				IPHONEOS_DEPLOYMENT_TARGET = 18.5;
				LOCALIZATION_PREFERS_STRING_CATALOGS = YES;
				MTL_ENABLE_DEBUG_INFO = NO;
				MTL_FAST_MATH = YES;
				SDKROOT = iphoneos;
				SWIFT_COMPILATION_MODE = wholemodule;
				VALIDATE_PRODUCT = YES;
			};
			name = Release;
		};
		F35E2E952E6E0C0C009DDF39 /* Debug */ = {
			isa = XCBuildConfiguration;
			buildSettings = {
				ASSETCATALOG_COMPILER_APPICON_NAME = AppIcon;
				ASSETCATALOG_COMPILER_GLOBAL_ACCENT_COLOR_NAME = AccentColor;
				ASSETCATALOG_COMPILER_INCLUDE_ALL_APPICON_ASSETS = YES;
				CODE_SIGN_STYLE = Automatic;
				CURRENT_PROJECT_VERSION = 1;
				DEVELOPMENT_TEAM = D34YV95673;
				ENABLE_PREVIEWS = YES;
				GENERATE_INFOPLIST_FILE = YES;
				INFOPLIST_KEY_LSApplicationCategoryType = "public.app-category.entertainment";
				INFOPLIST_KEY_UIApplicationSceneManifest_Generation = YES;
				INFOPLIST_KEY_UIApplicationSupportsIndirectInputEvents = YES;
				INFOPLIST_KEY_UILaunchScreen_Generation = YES;
				INFOPLIST_KEY_UISupportedInterfaceOrientations = UIInterfaceOrientationPortrait;
				INFOPLIST_KEY_UISupportedInterfaceOrientations_iPad = "UIInterfaceOrientationLandscapeLeft UIInterfaceOrientationLandscapeRight UIInterfaceOrientationPortrait UIInterfaceOrientationPortraitUpsideDown";
				IPHONEOS_DEPLOYMENT_TARGET = 18.0;
				LD_RUNPATH_SEARCH_PATHS = (
					"$(inherited)",
					"@executable_path/Frameworks",
				);
				MARKETING_VERSION = 0.1.0;
				PRODUCT_BUNDLE_IDENTIFIER = com.johansson.niklas.Claimb;
				PRODUCT_NAME = "$(TARGET_NAME)";
				SUPPORTED_PLATFORMS = "iphoneos iphonesimulator";
				SUPPORTS_MACCATALYST = NO;
				SUPPORTS_MAC_DESIGNED_FOR_IPHONE_IPAD = NO;
				SUPPORTS_XR_DESIGNED_FOR_IPHONE_IPAD = NO;
				SWIFT_EMIT_LOC_STRINGS = YES;
				SWIFT_VERSION = 5.0;
				TARGETED_DEVICE_FAMILY = 1;
			};
			name = Debug;
		};
		F35E2E962E6E0C0C009DDF39 /* Release */ = {
			isa = XCBuildConfiguration;
			buildSettings = {
				ASSETCATALOG_COMPILER_APPICON_NAME = AppIcon;
				ASSETCATALOG_COMPILER_GLOBAL_ACCENT_COLOR_NAME = AccentColor;
				ASSETCATALOG_COMPILER_INCLUDE_ALL_APPICON_ASSETS = YES;
				CODE_SIGN_STYLE = Automatic;
				CURRENT_PROJECT_VERSION = 1;
				DEVELOPMENT_TEAM = D34YV95673;
				ENABLE_PREVIEWS = YES;
				GENERATE_INFOPLIST_FILE = YES;
				INFOPLIST_KEY_LSApplicationCategoryType = "public.app-category.entertainment";
				INFOPLIST_KEY_UIApplicationSceneManifest_Generation = YES;
				INFOPLIST_KEY_UIApplicationSupportsIndirectInputEvents = YES;
				INFOPLIST_KEY_UILaunchScreen_Generation = YES;
				INFOPLIST_KEY_UISupportedInterfaceOrientations = UIInterfaceOrientationPortrait;
				INFOPLIST_KEY_UISupportedInterfaceOrientations_iPad = "UIInterfaceOrientationLandscapeLeft UIInterfaceOrientationLandscapeRight UIInterfaceOrientationPortrait UIInterfaceOrientationPortraitUpsideDown";
				IPHONEOS_DEPLOYMENT_TARGET = 18.0;
				LD_RUNPATH_SEARCH_PATHS = (
					"$(inherited)",
					"@executable_path/Frameworks",
				);
				MARKETING_VERSION = 0.1.0;
				PRODUCT_BUNDLE_IDENTIFIER = com.johansson.niklas.Claimb;
				PRODUCT_NAME = "$(TARGET_NAME)";
				SUPPORTED_PLATFORMS = "iphoneos iphonesimulator";
				SUPPORTS_MACCATALYST = NO;
				SUPPORTS_MAC_DESIGNED_FOR_IPHONE_IPAD = NO;
				SUPPORTS_XR_DESIGNED_FOR_IPHONE_IPAD = NO;
				SWIFT_EMIT_LOC_STRINGS = YES;
				SWIFT_VERSION = 5.0;
				TARGETED_DEVICE_FAMILY = 1;
			};
			name = Release;
		};
		F35E2E982E6E0C0C009DDF39 /* Debug */ = {
			isa = XCBuildConfiguration;
			buildSettings = {
				BUNDLE_LOADER = "$(TEST_HOST)";
				CODE_SIGN_STYLE = Automatic;
				CURRENT_PROJECT_VERSION = 1;
				GENERATE_INFOPLIST_FILE = YES;
				IPHONEOS_DEPLOYMENT_TARGET = 18.0;
				MARKETING_VERSION = 1.0;
				PRODUCT_BUNDLE_IDENTIFIER = com.johansson.niklas.ClaimbTests;
				PRODUCT_NAME = "$(TARGET_NAME)";
				SUPPORTED_PLATFORMS = "iphoneos iphonesimulator";
				SUPPORTS_MACCATALYST = NO;
				SUPPORTS_MAC_DESIGNED_FOR_IPHONE_IPAD = NO;
				SUPPORTS_XR_DESIGNED_FOR_IPHONE_IPAD = NO;
				SWIFT_EMIT_LOC_STRINGS = NO;
				SWIFT_VERSION = 5.0;
				TARGETED_DEVICE_FAMILY = 1;
				TEST_HOST = "$(BUILT_PRODUCTS_DIR)/Claimb.app/$(BUNDLE_EXECUTABLE_FOLDER_PATH)/Claimb";
			};
			name = Debug;
		};
		F35E2E992E6E0C0C009DDF39 /* Release */ = {
			isa = XCBuildConfiguration;
			buildSettings = {
				BUNDLE_LOADER = "$(TEST_HOST)";
				CODE_SIGN_STYLE = Automatic;
				CURRENT_PROJECT_VERSION = 1;
				GENERATE_INFOPLIST_FILE = YES;
				IPHONEOS_DEPLOYMENT_TARGET = 18.0;
				MARKETING_VERSION = 1.0;
				PRODUCT_BUNDLE_IDENTIFIER = com.johansson.niklas.ClaimbTests;
				PRODUCT_NAME = "$(TARGET_NAME)";
				SUPPORTED_PLATFORMS = "iphoneos iphonesimulator";
				SUPPORTS_MACCATALYST = NO;
				SUPPORTS_MAC_DESIGNED_FOR_IPHONE_IPAD = NO;
				SUPPORTS_XR_DESIGNED_FOR_IPHONE_IPAD = NO;
				SWIFT_EMIT_LOC_STRINGS = NO;
				SWIFT_VERSION = 5.0;
				TARGETED_DEVICE_FAMILY = 1;
				TEST_HOST = "$(BUILT_PRODUCTS_DIR)/Claimb.app/$(BUNDLE_EXECUTABLE_FOLDER_PATH)/Claimb";
			};
			name = Release;
		};
		F35E2E9B2E6E0C0C009DDF39 /* Debug */ = {
			isa = XCBuildConfiguration;
			buildSettings = {
				CODE_SIGN_STYLE = Automatic;
				CURRENT_PROJECT_VERSION = 1;
				GENERATE_INFOPLIST_FILE = YES;
				IPHONEOS_DEPLOYMENT_TARGET = 18.0;
				MARKETING_VERSION = 1.0;
				PRODUCT_BUNDLE_IDENTIFIER = com.johansson.niklas.ClaimbUITests;
				PRODUCT_NAME = "$(TARGET_NAME)";
				SUPPORTED_PLATFORMS = "iphoneos iphonesimulator";
				SUPPORTS_MACCATALYST = NO;
				SUPPORTS_MAC_DESIGNED_FOR_IPHONE_IPAD = NO;
				SUPPORTS_XR_DESIGNED_FOR_IPHONE_IPAD = NO;
				SWIFT_EMIT_LOC_STRINGS = NO;
				SWIFT_VERSION = 5.0;
				TARGETED_DEVICE_FAMILY = 1;
				TEST_TARGET_NAME = Claimb;
			};
			name = Debug;
		};
		F35E2E9C2E6E0C0C009DDF39 /* Release */ = {
			isa = XCBuildConfiguration;
			buildSettings = {
				CODE_SIGN_STYLE = Automatic;
				CURRENT_PROJECT_VERSION = 1;
				GENERATE_INFOPLIST_FILE = YES;
				IPHONEOS_DEPLOYMENT_TARGET = 18.0;
				MARKETING_VERSION = 1.0;
				PRODUCT_BUNDLE_IDENTIFIER = com.johansson.niklas.ClaimbUITests;
				PRODUCT_NAME = "$(TARGET_NAME)";
				SUPPORTED_PLATFORMS = "iphoneos iphonesimulator";
				SUPPORTS_MACCATALYST = NO;
				SUPPORTS_MAC_DESIGNED_FOR_IPHONE_IPAD = NO;
				SUPPORTS_XR_DESIGNED_FOR_IPHONE_IPAD = NO;
				SWIFT_EMIT_LOC_STRINGS = NO;
				SWIFT_VERSION = 5.0;
				TARGETED_DEVICE_FAMILY = 1;
				TEST_TARGET_NAME = Claimb;
			};
			name = Release;
		};
/* End XCBuildConfiguration section */

/* Begin XCConfigurationList section */
		F35E2E6C2E6E0C0B009DDF39 /* Build configuration list for PBXProject "Claimb" */ = {
			isa = XCConfigurationList;
			buildConfigurations = (
				F35E2E922E6E0C0C009DDF39 /* Debug */,
				F35E2E932E6E0C0C009DDF39 /* Release */,
			);
			defaultConfigurationIsVisible = 0;
			defaultConfigurationName = Release;
		};
		F35E2E942E6E0C0C009DDF39 /* Build configuration list for PBXNativeTarget "Claimb" */ = {
			isa = XCConfigurationList;
			buildConfigurations = (
				F35E2E952E6E0C0C009DDF39 /* Debug */,
				F35E2E962E6E0C0C009DDF39 /* Release */,
			);
			defaultConfigurationIsVisible = 0;
			defaultConfigurationName = Release;
		};
		F35E2E972E6E0C0C009DDF39 /* Build configuration list for PBXNativeTarget "ClaimbTests" */ = {
			isa = XCConfigurationList;
			buildConfigurations = (
				F35E2E982E6E0C0C009DDF39 /* Debug */,
				F35E2E992E6E0C0C009DDF39 /* Release */,
			);
			defaultConfigurationIsVisible = 0;
			defaultConfigurationName = Release;
		};
		F35E2E9A2E6E0C0C009DDF39 /* Build configuration list for PBXNativeTarget "ClaimbUITests" */ = {
			isa = XCConfigurationList;
			buildConfigurations = (
				F35E2E9B2E6E0C0C009DDF39 /* Debug */,
				F35E2E9C2E6E0C0C009DDF39 /* Release */,
			);
			defaultConfigurationIsVisible = 0;
			defaultConfigurationName = Release;
		};
/* End XCConfigurationList section */
	};
	rootObject = F35E2E692E6E0C0B009DDF39 /* Project object */;
}
